{
  "R": {
    "Version": "4.3.2",
    "Repositories": [
      {
        "Name": "CRAN",
        "URL": "https://cran.rstudio.com"
      },
      {
        "Name": "pik",
        "URL": "https://rse.pik-potsdam.de/r/packages"
      }
    ]
  },
  "Packages": {
    "renv": {
      "Package": "renv",
      "Version": "1.0.7",
      "OS_type": null,
      "NeedsCompilation": "no",
      "Repository": "CRAN",
      "Source": "Repository"
    }
  }
}
